// !$*UTF8*$!
{
	archiveVersion = 1;
	classes = {
	};
	objectVersion = 56;
	objects = {

/* Begin PBXBuildFile section */
		63AEE68C2C232DF00079C341 /* GameCenter.swift in Sources */ = {isa = PBXBuildFile; fileRef = 63AEE68B2C232DF00079C341 /* GameCenter.swift */; };
		63C16D702C2D1C1E007B3A0D /* EditingView.swift in Sources */ = {isa = PBXBuildFile; fileRef = 63C16D6F2C2D1C1E007B3A0D /* EditingView.swift */; };
		63C16D722C2D1C93007B3A0D /* PlayingView.swift in Sources */ = {isa = PBXBuildFile; fileRef = 63C16D712C2D1C93007B3A0D /* PlayingView.swift */; };
		63C16D742C2D1CC8007B3A0D /* DoneView.swift in Sources */ = {isa = PBXBuildFile; fileRef = 63C16D732C2D1CC8007B3A0D /* DoneView.swift */; };
		63F7E5242C16E7B700C19BC7 /* CulComL1App.swift in Sources */ = {isa = PBXBuildFile; fileRef = 63F7E5232C16E7B700C19BC7 /* CulComL1App.swift */; };
		63F7E5262C16E7B700C19BC7 /* MainView.swift in Sources */ = {isa = PBXBuildFile; fileRef = 63F7E5252C16E7B700C19BC7 /* MainView.swift */; };
		63F7E5282C16E7B800C19BC7 /* Assets.xcassets in Resources */ = {isa = PBXBuildFile; fileRef = 63F7E5272C16E7B800C19BC7 /* Assets.xcassets */; };
		63F7E52B2C16E7B800C19BC7 /* Preview Assets.xcassets in Resources */ = {isa = PBXBuildFile; fileRef = 63F7E52A2C16E7B800C19BC7 /* Preview Assets.xcassets */; };
/* End PBXBuildFile section */

/* Begin PBXFileReference section */
		63AEE68B2C232DF00079C341 /* GameCenter.swift */ = {isa = PBXFileReference; lastKnownFileType = sourcecode.swift; path = GameCenter.swift; sourceTree = "<group>"; };
		63C16D6F2C2D1C1E007B3A0D /* EditingView.swift */ = {isa = PBXFileReference; lastKnownFileType = sourcecode.swift; path = EditingView.swift; sourceTree = "<group>"; };
		63C16D712C2D1C93007B3A0D /* PlayingView.swift */ = {isa = PBXFileReference; lastKnownFileType = sourcecode.swift; path = PlayingView.swift; sourceTree = "<group>"; };
		63C16D732C2D1CC8007B3A0D /* DoneView.swift */ = {isa = PBXFileReference; lastKnownFileType = sourcecode.swift; path = DoneView.swift; sourceTree = "<group>"; };
		63F7E5202C16E7B700C19BC7 /* CulComL1.app */ = {isa = PBXFileReference; explicitFileType = wrapper.application; includeInIndex = 0; path = CulComL1.app; sourceTree = BUILT_PRODUCTS_DIR; };
		63F7E5232C16E7B700C19BC7 /* CulComL1App.swift */ = {isa = PBXFileReference; lastKnownFileType = sourcecode.swift; path = CulComL1App.swift; sourceTree = "<group>"; };
		63F7E5252C16E7B700C19BC7 /* MainView.swift */ = {isa = PBXFileReference; lastKnownFileType = sourcecode.swift; path = MainView.swift; sourceTree = "<group>"; };
		63F7E5272C16E7B800C19BC7 /* Assets.xcassets */ = {isa = PBXFileReference; lastKnownFileType = folder.assetcatalog; path = Assets.xcassets; sourceTree = "<group>"; };
		63F7E52A2C16E7B800C19BC7 /* Preview Assets.xcassets */ = {isa = PBXFileReference; lastKnownFileType = folder.assetcatalog; path = "Preview Assets.xcassets"; sourceTree = "<group>"; };
/* End PBXFileReference section */

/* Begin PBXFrameworksBuildPhase section */
		63F7E51D2C16E7B700C19BC7 /* Frameworks */ = {
			isa = PBXFrameworksBuildPhase;
			buildActionMask = 2147483647;
			files = (
			);
			runOnlyForDeploymentPostprocessing = 0;
		};
/* End PBXFrameworksBuildPhase section */

/* Begin PBXGroup section */
		63AEE6882C232DB00079C341 /* View */ = {
			isa = PBXGroup;
			children = (
				63F7E5232C16E7B700C19BC7 /* CulComL1App.swift */,
				63F7E5252C16E7B700C19BC7 /* MainView.swift */,
				63C16D6F2C2D1C1E007B3A0D /* EditingView.swift */,
				63C16D712C2D1C93007B3A0D /* PlayingView.swift */,
				63C16D732C2D1CC8007B3A0D /* DoneView.swift */,
			);
			path = View;
			sourceTree = "<group>";
		};
		63AEE6892C232DB90079C341 /* ModelView */ = {
			isa = PBXGroup;
			children = (
				63AEE68B2C232DF00079C341 /* GameCenter.swift */,
			);
			path = ModelView;
			sourceTree = "<group>";
		};
		63F7E5172C16E7B700C19BC7 = {
			isa = PBXGroup;
			children = (
				63F7E5222C16E7B700C19BC7 /* CulComL1 */,
				63F7E5212C16E7B700C19BC7 /* Products */,
			);
			sourceTree = "<group>";
		};
		63F7E5212C16E7B700C19BC7 /* Products */ = {
			isa = PBXGroup;
			children = (
				63F7E5202C16E7B700C19BC7 /* CulComL1.app */,
			);
			name = Products;
			sourceTree = "<group>";
		};
		63F7E5222C16E7B700C19BC7 /* CulComL1 */ = {
			isa = PBXGroup;
			children = (
				63AEE6892C232DB90079C341 /* ModelView */,
				63AEE6882C232DB00079C341 /* View */,
				63F7E5272C16E7B800C19BC7 /* Assets.xcassets */,
				63F7E5292C16E7B800C19BC7 /* Preview Content */,
			);
			path = CulComL1;
			sourceTree = "<group>";
		};
		63F7E5292C16E7B800C19BC7 /* Preview Content */ = {
			isa = PBXGroup;
			children = (
				63F7E52A2C16E7B800C19BC7 /* Preview Assets.xcassets */,
			);
			path = "Preview Content";
			sourceTree = "<group>";
		};
/* End PBXGroup section */

/* Begin PBXNativeTarget section */
		63F7E51F2C16E7B700C19BC7 /* CulComL1 */ = {
			isa = PBXNativeTarget;
			buildConfigurationList = 63F7E52E2C16E7B800C19BC7 /* Build configuration list for PBXNativeTarget "CulComL1" */;
			buildPhases = (
				63F7E51C2C16E7B700C19BC7 /* Sources */,
				63F7E51D2C16E7B700C19BC7 /* Frameworks */,
				63F7E51E2C16E7B700C19BC7 /* Resources */,
			);
			buildRules = (
			);
			dependencies = (
			);
			name = CulComL1;
			productName = CulComL1;
			productReference = 63F7E5202C16E7B700C19BC7 /* CulComL1.app */;
			productType = "com.apple.product-type.application";
		};
/* End PBXNativeTarget section */

/* Begin PBXProject section */
		63F7E5182C16E7B700C19BC7 /* Project object */ = {
			isa = PBXProject;
			attributes = {
				BuildIndependentTargetsInParallel = 1;
				LastSwiftUpdateCheck = 1540;
				LastUpgradeCheck = 1540;
				TargetAttributes = {
					63F7E51F2C16E7B700C19BC7 = {
						CreatedOnToolsVersion = 15.4;
					};
				};
			};
			buildConfigurationList = 63F7E51B2C16E7B700C19BC7 /* Build configuration list for PBXProject "CulComL1" */;
			compatibilityVersion = "Xcode 14.0";
			developmentRegion = en;
			hasScannedForEncodings = 0;
			knownRegions = (
				en,
				Base,
			);
			mainGroup = 63F7E5172C16E7B700C19BC7;
			productRefGroup = 63F7E5212C16E7B700C19BC7 /* Products */;
			projectDirPath = "";
			projectRoot = "";
			targets = (
				63F7E51F2C16E7B700C19BC7 /* CulComL1 */,
			);
		};
/* End PBXProject section */

/* Begin PBXResourcesBuildPhase section */
		63F7E51E2C16E7B700C19BC7 /* Resources */ = {
			isa = PBXResourcesBuildPhase;
			buildActionMask = 2147483647;
			files = (
				63F7E52B2C16E7B800C19BC7 /* Preview Assets.xcassets in Resources */,
				63F7E5282C16E7B800C19BC7 /* Assets.xcassets in Resources */,
			);
			runOnlyForDeploymentPostprocessing = 0;
		};
/* End PBXResourcesBuildPhase section */

/* Begin PBXSourcesBuildPhase section */
		63F7E51C2C16E7B700C19BC7 /* Sources */ = {
			isa = PBXSourcesBuildPhase;
			buildActionMask = 2147483647;
			files = (
				63AEE68C2C232DF00079C341 /* GameCenter.swift in Sources */,
				63F7E5262C16E7B700C19BC7 /* MainView.swift in Sources */,
				63C16D742C2D1CC8007B3A0D /* DoneView.swift in Sources */,
				63C16D722C2D1C93007B3A0D /* PlayingView.swift in Sources */,
				63F7E5242C16E7B700C19BC7 /* CulComL1App.swift in Sources */,
				63C16D702C2D1C1E007B3A0D /* EditingView.swift in Sources */,
			);
			runOnlyForDeploymentPostprocessing = 0;
		};
/* End PBXSourcesBuildPhase section */

/* Begin XCBuildConfiguration section */
		63F7E52C2C16E7B800C19BC7 /* Debug */ = {
			isa = XCBuildConfiguration;
			buildSettings = {
				ALWAYS_SEARCH_USER_PATHS = NO;
				ASSETCATALOG_COMPILER_GENERATE_SWIFT_ASSET_SYMBOL_EXTENSIONS = YES;
				CLANG_ANALYZER_NONNULL = YES;
				CLANG_ANALYZER_NUMBER_OBJECT_CONVERSION = YES_AGGRESSIVE;
				CLANG_CXX_LANGUAGE_STANDARD = "gnu++20";
				CLANG_ENABLE_MODULES = YES;
				CLANG_ENABLE_OBJC_ARC = YES;
				CLANG_ENABLE_OBJC_WEAK = YES;
				CLANG_WARN_BLOCK_CAPTURE_AUTORELEASING = YES;
				CLANG_WARN_BOOL_CONVERSION = YES;
				CLANG_WARN_COMMA = YES;
				CLANG_WARN_CONSTANT_CONVERSION = YES;
				CLANG_WARN_DEPRECATED_OBJC_IMPLEMENTATIONS = YES;
				CLANG_WARN_DIRECT_OBJC_ISA_USAGE = YES_ERROR;
				CLANG_WARN_DOCUMENTATION_COMMENTS = YES;
				CLANG_WARN_EMPTY_BODY = YES;
				CLANG_WARN_ENUM_CONVERSION = YES;
				CLANG_WARN_INFINITE_RECURSION = YES;
				CLANG_WARN_INT_CONVERSION = YES;
				CLANG_WARN_NON_LITERAL_NULL_CONVERSION = YES;
				CLANG_WARN_OBJC_IMPLICIT_RETAIN_SELF = YES;
				CLANG_WARN_OBJC_LITERAL_CONVERSION = YES;
				CLANG_WARN_OBJC_ROOT_CLASS = YES_ERROR;
				CLANG_WARN_QUOTED_INCLUDE_IN_FRAMEWORK_HEADER = YES;
				CLANG_WARN_RANGE_LOOP_ANALYSIS = YES;
				CLANG_WARN_STRICT_PROTOTYPES = YES;
				CLANG_WARN_SUSPICIOUS_MOVE = YES;
				CLANG_WARN_UNGUARDED_AVAILABILITY = YES_AGGRESSIVE;
				CLANG_WARN_UNREACHABLE_CODE = YES;
				CLANG_WARN__DUPLICATE_METHOD_MATCH = YES;
				COPY_PHASE_STRIP = NO;
				DEBUG_INFORMATION_FORMAT = dwarf;
				ENABLE_STRICT_OBJC_MSGSEND = YES;
				ENABLE_TESTABILITY = YES;
				ENABLE_USER_SCRIPT_SANDBOXING = YES;
				GCC_C_LANGUAGE_STANDARD = gnu17;
				GCC_DYNAMIC_NO_PIC = NO;
				GCC_NO_COMMON_BLOCKS = YES;
				GCC_OPTIMIZATION_LEVEL = 0;
				GCC_PREPROCESSOR_DEFINITIONS = (
					"DEBUG=1",
					"$(inherited)",
				);
				GCC_WARN_64_TO_32_BIT_CONVERSION = YES;
				GCC_WARN_ABOUT_RETURN_TYPE = YES_ERROR;
				GCC_WARN_UNDECLARED_SELECTOR = YES;
				GCC_WARN_UNINITIALIZED_AUTOS = YES_AGGRESSIVE;
				GCC_WARN_UNUSED_FUNCTION = YES;
				GCC_WARN_UNUSED_VARIABLE = YES;
				IPHONEOS_DEPLOYMENT_TARGET = 17.5;
				LOCALIZATION_PREFERS_STRING_CATALOGS = YES;
				MTL_ENABLE_DEBUG_INFO = INCLUDE_SOURCE;
				MTL_FAST_MATH = YES;
				ONLY_ACTIVE_ARCH = YES;
				SDKROOT = iphoneos;
				SWIFT_ACTIVE_COMPILATION_CONDITIONS = "DEBUG $(inherited)";
				SWIFT_OPTIMIZATION_LEVEL = "-Onone";
			};
			name = Debug;
		};
		63F7E52D2C16E7B800C19BC7 /* Release */ = {
			isa = XCBuildConfiguration;
			buildSettings = {
				ALWAYS_SEARCH_USER_PATHS = NO;
				ASSETCATALOG_COMPILER_GENERATE_SWIFT_ASSET_SYMBOL_EXTENSIONS = YES;
				CLANG_ANALYZER_NONNULL = YES;
				CLANG_ANALYZER_NUMBER_OBJECT_CONVERSION = YES_AGGRESSIVE;
				CLANG_CXX_LANGUAGE_STANDARD = "gnu++20";
				CLANG_ENABLE_MODULES = YES;
				CLANG_ENABLE_OBJC_ARC = YES;
				CLANG_ENABLE_OBJC_WEAK = YES;
				CLANG_WARN_BLOCK_CAPTURE_AUTORELEASING = YES;
				CLANG_WARN_BOOL_CONVERSION = YES;
				CLANG_WARN_COMMA = YES;
				CLANG_WARN_CONSTANT_CONVERSION = YES;
				CLANG_WARN_DEPRECATED_OBJC_IMPLEMENTATIONS = YES;
				CLANG_WARN_DIRECT_OBJC_ISA_USAGE = YES_ERROR;
				CLANG_WARN_DOCUMENTATION_COMMENTS = YES;
				CLANG_WARN_EMPTY_BODY = YES;
				CLANG_WARN_ENUM_CONVERSION = YES;
				CLANG_WARN_INFINITE_RECURSION = YES;
				CLANG_WARN_INT_CONVERSION = YES;
				CLANG_WARN_NON_LITERAL_NULL_CONVERSION = YES;
				CLANG_WARN_OBJC_IMPLICIT_RETAIN_SELF = YES;
				CLANG_WARN_OBJC_LITERAL_CONVERSION = YES;
				CLANG_WARN_OBJC_ROOT_CLASS = YES_ERROR;
				CLANG_WARN_QUOTED_INCLUDE_IN_FRAMEWORK_HEADER = YES;
				CLANG_WARN_RANGE_LOOP_ANALYSIS = YES;
				CLANG_WARN_STRICT_PROTOTYPES = YES;
				CLANG_WARN_SUSPICIOUS_MOVE = YES;
				CLANG_WARN_UNGUARDED_AVAILABILITY = YES_AGGRESSIVE;
				CLANG_WARN_UNREACHABLE_CODE = YES;
				CLANG_WARN__DUPLICATE_METHOD_MATCH = YES;
				COPY_PHASE_STRIP = NO;
				DEBUG_INFORMATION_FORMAT = "dwarf-with-dsym";
				ENABLE_NS_ASSERTIONS = NO;
				ENABLE_STRICT_OBJC_MSGSEND = YES;
				ENABLE_USER_SCRIPT_SANDBOXING = YES;
				GCC_C_LANGUAGE_STANDARD = gnu17;
				GCC_NO_COMMON_BLOCKS = YES;
				GCC_WARN_64_TO_32_BIT_CONVERSION = YES;
				GCC_WARN_ABOUT_RETURN_TYPE = YES_ERROR;
				GCC_WARN_UNDECLARED_SELECTOR = YES;
				GCC_WARN_UNINITIALIZED_AUTOS = YES_AGGRESSIVE;
				GCC_WARN_UNUSED_FUNCTION = YES;
				GCC_WARN_UNUSED_VARIABLE = YES;
				IPHONEOS_DEPLOYMENT_TARGET = 17.5;
				LOCALIZATION_PREFERS_STRING_CATALOGS = YES;
				MTL_ENABLE_DEBUG_INFO = NO;
				MTL_FAST_MATH = YES;
				SDKROOT = iphoneos;
				SWIFT_COMPILATION_MODE = wholemodule;
				VALIDATE_PRODUCT = YES;
			};
			name = Release;
		};
		63F7E52F2C16E7B800C19BC7 /* Debug */ = {
			isa = XCBuildConfiguration;
			buildSettings = {
				ASSETCATALOG_COMPILER_APPICON_NAME = AppIcon;
				ASSETCATALOG_COMPILER_GLOBAL_ACCENT_COLOR_NAME = AccentColor;
				CODE_SIGN_STYLE = Automatic;
				CURRENT_PROJECT_VERSION = 1;
				DEVELOPMENT_ASSET_PATHS = "\"CulComL1/Preview Content\"";
				DEVELOPMENT_TEAM = 2QJX795Q3R;
				ENABLE_PREVIEWS = YES;
				GENERATE_INFOPLIST_FILE = YES;
				INFOPLIST_KEY_UIApplicationSceneManifest_Generation = YES;
				INFOPLIST_KEY_UIApplicationSupportsIndirectInputEvents = YES;
				INFOPLIST_KEY_UILaunchScreen_Generation = YES;
				INFOPLIST_KEY_UISupportedInterfaceOrientations_iPad = "UIInterfaceOrientationPortrait UIInterfaceOrientationPortraitUpsideDown UIInterfaceOrientationLandscapeLeft UIInterfaceOrientationLandscapeRight";
				INFOPLIST_KEY_UISupportedInterfaceOrientations_iPhone = "UIInterfaceOrientationPortrait UIInterfaceOrientationLandscapeLeft UIInterfaceOrientationLandscapeRight";
				LD_RUNPATH_SEARCH_PATHS = (
					"$(inherited)",
					"@executable_path/Frameworks",
				);
				MARKETING_VERSION = 1.0;
				PRODUCT_BUNDLE_IDENTIFIER = com.iseungjun.CulComL1;
				PRODUCT_NAME = "$(TARGET_NAME)";
				SWIFT_EMIT_LOC_STRINGS = YES;
				SWIFT_VERSION = 5.0;
				TARGETED_DEVICE_FAMILY = "1,2";
			};
			name = Debug;
		};
		63F7E5302C16E7B800C19BC7 /* Release */ = {
			isa = XCBuildConfiguration;
			buildSettings = {
				ASSETCATALOG_COMPILER_APPICON_NAME = AppIcon;
				ASSETCATALOG_COMPILER_GLOBAL_ACCENT_COLOR_NAME = AccentColor;
				CODE_SIGN_STYLE = Automatic;
				CURRENT_PROJECT_VERSION = 1;
				DEVELOPMENT_ASSET_PATHS = "\"CulComL1/Preview Content\"";
				DEVELOPMENT_TEAM = 2QJX795Q3R;
				ENABLE_PREVIEWS = YES;
				GENERATE_INFOPLIST_FILE = YES;
				INFOPLIST_KEY_UIApplicationSceneManifest_Generation = YES;
				INFOPLIST_KEY_UIApplicationSupportsIndirectInputEvents = YES;
				INFOPLIST_KEY_UILaunchScreen_Generation = YES;
				INFOPLIST_KEY_UISupportedInterfaceOrientations_iPad = "UIInterfaceOrientationPortrait UIInterfaceOrientationPortraitUpsideDown UIInterfaceOrientationLandscapeLeft UIInterfaceOrientationLandscapeRight";
				INFOPLIST_KEY_UISupportedInterfaceOrientations_iPhone = "UIInterfaceOrientationPortrait UIInterfaceOrientationLandscapeLeft UIInterfaceOrientationLandscapeRight";
				LD_RUNPATH_SEARCH_PATHS = (
					"$(inherited)",
					"@executable_path/Frameworks",
				);
				MARKETING_VERSION = 1.0;
				PRODUCT_BUNDLE_IDENTIFIER = com.iseungjun.CulComL1;
				PRODUCT_NAME = "$(TARGET_NAME)";
				SWIFT_EMIT_LOC_STRINGS = YES;
				SWIFT_VERSION = 5.0;
				TARGETED_DEVICE_FAMILY = "1,2";
			};
			name = Release;
		};
/* End XCBuildConfiguration section */

/* Begin XCConfigurationList section */
		63F7E51B2C16E7B700C19BC7 /* Build configuration list for PBXProject "CulComL1" */ = {
			isa = XCConfigurationList;
			buildConfigurations = (
				63F7E52C2C16E7B800C19BC7 /* Debug */,
				63F7E52D2C16E7B800C19BC7 /* Release */,
			);
			defaultConfigurationIsVisible = 0;
			defaultConfigurationName = Release;
		};
		63F7E52E2C16E7B800C19BC7 /* Build configuration list for PBXNativeTarget "CulComL1" */ = {
			isa = XCConfigurationList;
			buildConfigurations = (
				63F7E52F2C16E7B800C19BC7 /* Debug */,
				63F7E5302C16E7B800C19BC7 /* Release */,
			);
			defaultConfigurationIsVisible = 0;
			defaultConfigurationName = Release;
		};
/* End XCConfigurationList section */
	};
	rootObject = 63F7E5182C16E7B700C19BC7 /* Project object */;
}
